
Microsoft Visual Studio Solution File, Format Version 12.00
# Visual Studio Version 16
VisualStudioVersion = 16.0.31005.135
MinimumVisualStudioVersion = 10.0.40219.1
Project("{FAE04EC0-301F-11D3-BF4B-00C04F79EFBC}") = "RoslynAnalyzerTemplate", "RoslynAnalyzerTemplate\RoslynAnalyzerTemplate.csproj", "{1FA708B1-87F8-4244-89E4-26087BB74760}"
EndProject
Project("{FAE04EC0-301F-11D3-BF4B-00C04F79EFBC}") = "RoslynAnalyzerTemplate.Test", "RoslynAnalyzerTemplate.Test\RoslynAnalyzerTemplate.Test.csproj", "{4ECDB3FA-0F8F-4EEB-A0F1-3A19167F3B89}"
EndProject
Global
	GlobalSection(SolutionConfigurationPlatforms) = preSolution
		Debug|Any CPU = Debug|Any CPU
		Release|Any CPU = Release|Any CPU
	EndGlobalSection
	GlobalSection(ProjectConfigurationPlatforms) = postSolution
		{1FA708B1-87F8-4244-89E4-26087BB74760}.Debug|Any CPU.ActiveCfg = Debug|Any CPU
		{1FA708B1-87F8-4244-89E4-26087BB74760}.Debug|Any CPU.Build.0 = Debug|Any CPU
		{1FA708B1-87F8-4244-89E4-26087BB74760}.Release|Any CPU.ActiveCfg = Release|Any CPU
		{1FA708B1-87F8-4244-89E4-26087BB74760}.Release|Any CPU.Build.0 = Release|Any CPU
		{4ECDB3FA-0F8F-4EEB-A0F1-3A19167F3B89}.Debug|Any CPU.ActiveCfg = Debug|Any CPU
		{4ECDB3FA-0F8F-4EEB-A0F1-3A19167F3B89}.Debug|Any CPU.Build.0 = Debug|Any CPU
		{4ECDB3FA-0F8F-4EEB-A0F1-3A19167F3B89}.Release|Any CPU.ActiveCfg = Release|Any CPU
		{4ECDB3FA-0F8F-4EEB-A0F1-3A19167F3B89}.Release|Any CPU.Build.0 = Release|Any CPU
	EndGlobalSection
	GlobalSection(SolutionProperties) = preSolution
		HideSolutionNode = FALSE
	EndGlobalSection
	GlobalSection(ExtensibilityGlobals) = postSolution
		SolutionGuid = {A6080630-5D5A-48E9-AE1A-AFABB338E618}
	EndGlobalSection
EndGlobal
